<?xml version="1.0" encoding="UTF-8"?>
<CodeBlocks_project_file>
	<FileVersion major="1" minor="6"/>
	<Project>
		<Option title="PARANOID"/>
		<Option makefile_is_custom="1"/>
		<Option compiler="gcc"/>
		<Option virtualFolders="CMake Files\;CMake Files\src\;CMake Files\cmake_modules\;CMake Files\tests\;"/>
		<Build>
			<Target title="all">
				<Option working_dir="/home/mkajdak/Dokumenty/Private/PARANOID"/>
				<Option type="4"/>
				<MakeCommands>
					<Build command="/usr/bin/make -f &quot;/home/mkajdak/Dokumenty/Private/PARANOID/Makefile&quot;  VERBOSE=1 all"/>
					<CompileFile command="/usr/bin/make -f &quot;/home/mkajdak/Dokumenty/Private/PARANOID/Makefile&quot;  VERBOSE=1 &quot;$file&quot;"/>
					<Clean command="/usr/bin/make -f &quot;/home/mkajdak/Dokumenty/Private/PARANOID/Makefile&quot;  VERBOSE=1 clean"/>
					<DistClean command="/usr/bin/make -f &quot;/home/mkajdak/Dokumenty/Private/PARANOID/Makefile&quot;  VERBOSE=1 clean"/>
				</MakeCommands>
			</Target>
			<Target title="install/strip">
				<Option working_dir="/home/mkajdak/Dokumenty/Private/PARANOID"/>
				<Option type="4"/>
				<MakeCommands>
					<Build command="/usr/bin/make -f &quot;/home/mkajdak/Dokumenty/Private/PARANOID/Makefile&quot;  VERBOSE=1 install/strip"/>
					<CompileFile command="/usr/bin/make -f &quot;/home/mkajdak/Dokumenty/Private/PARANOID/Makefile&quot;  VERBOSE=1 &quot;$file&quot;"/>
					<Clean command="/usr/bin/make -f &quot;/home/mkajdak/Dokumenty/Private/PARANOID/Makefile&quot;  VERBOSE=1 clean"/>
					<DistClean command="/usr/bin/make -f &quot;/home/mkajdak/Dokumenty/Private/PARANOID/Makefile&quot;  VERBOSE=1 clean"/>
				</MakeCommands>
			</Target>
			<Target title="install/local">
				<Option working_dir="/home/mkajdak/Dokumenty/Private/PARANOID"/>
				<Option type="4"/>
				<MakeCommands>
					<Build command="/usr/bin/make -f &quot;/home/mkajdak/Dokumenty/Private/PARANOID/Makefile&quot;  VERBOSE=1 install/local"/>
					<CompileFile command="/usr/bin/make -f &quot;/home/mkajdak/Dokumenty/Private/PARANOID/Makefile&quot;  VERBOSE=1 &quot;$file&quot;"/>
					<Clean command="/usr/bin/make -f &quot;/home/mkajdak/Dokumenty/Private/PARANOID/Makefile&quot;  VERBOSE=1 clean"/>
					<DistClean command="/usr/bin/make -f &quot;/home/mkajdak/Dokumenty/Private/PARANOID/Makefile&quot;  VERBOSE=1 clean"/>
				</MakeCommands>
			</Target>
			<Target title="edit_cache">
				<Option working_dir="/home/mkajdak/Dokumenty/Private/PARANOID"/>
				<Option type="4"/>
				<MakeCommands>
					<Build command="/usr/bin/make -f &quot;/home/mkajdak/Dokumenty/Private/PARANOID/Makefile&quot;  VERBOSE=1 edit_cache"/>
					<CompileFile command="/usr/bin/make -f &quot;/home/mkajdak/Dokumenty/Private/PARANOID/Makefile&quot;  VERBOSE=1 &quot;$file&quot;"/>
					<Clean command="/usr/bin/make -f &quot;/home/mkajdak/Dokumenty/Private/PARANOID/Makefile&quot;  VERBOSE=1 clean"/>
					<DistClean command="/usr/bin/make -f &quot;/home/mkajdak/Dokumenty/Private/PARANOID/Makefile&quot;  VERBOSE=1 clean"/>
				</MakeCommands>
			</Target>
			<Target title="rebuild_cache">
				<Option working_dir="/home/mkajdak/Dokumenty/Private/PARANOID"/>
				<Option type="4"/>
				<MakeCommands>
					<Build command="/usr/bin/make -f &quot;/home/mkajdak/Dokumenty/Private/PARANOID/Makefile&quot;  VERBOSE=1 rebuild_cache"/>
					<CompileFile command="/usr/bin/make -f &quot;/home/mkajdak/Dokumenty/Private/PARANOID/Makefile&quot;  VERBOSE=1 &quot;$file&quot;"/>
					<Clean command="/usr/bin/make -f &quot;/home/mkajdak/Dokumenty/Private/PARANOID/Makefile&quot;  VERBOSE=1 clean"/>
					<DistClean command="/usr/bin/make -f &quot;/home/mkajdak/Dokumenty/Private/PARANOID/Makefile&quot;  VERBOSE=1 clean"/>
				</MakeCommands>
			</Target>
			<Target title="list_install_components">
				<Option working_dir="/home/mkajdak/Dokumenty/Private/PARANOID"/>
				<Option type="4"/>
				<MakeCommands>
					<Build command="/usr/bin/make -f &quot;/home/mkajdak/Dokumenty/Private/PARANOID/Makefile&quot;  VERBOSE=1 list_install_components"/>
					<CompileFile command="/usr/bin/make -f &quot;/home/mkajdak/Dokumenty/Private/PARANOID/Makefile&quot;  VERBOSE=1 &quot;$file&quot;"/>
					<Clean command="/usr/bin/make -f &quot;/home/mkajdak/Dokumenty/Private/PARANOID/Makefile&quot;  VERBOSE=1 clean"/>
					<DistClean command="/usr/bin/make -f &quot;/home/mkajdak/Dokumenty/Private/PARANOID/Makefile&quot;  VERBOSE=1 clean"/>
				</MakeCommands>
			</Target>
			<Target title="install">
				<Option working_dir="/home/mkajdak/Dokumenty/Private/PARANOID"/>
				<Option type="4"/>
				<MakeCommands>
					<Build command="/usr/bin/make -f &quot;/home/mkajdak/Dokumenty/Private/PARANOID/Makefile&quot;  VERBOSE=1 install"/>
					<CompileFile command="/usr/bin/make -f &quot;/home/mkajdak/Dokumenty/Private/PARANOID/Makefile&quot;  VERBOSE=1 &quot;$file&quot;"/>
					<Clean command="/usr/bin/make -f &quot;/home/mkajdak/Dokumenty/Private/PARANOID/Makefile&quot;  VERBOSE=1 clean"/>
					<DistClean command="/usr/bin/make -f &quot;/home/mkajdak/Dokumenty/Private/PARANOID/Makefile&quot;  VERBOSE=1 clean"/>
				</MakeCommands>
			</Target>
			<Target title="PARANOID">
				<Option output="/home/mkajdak/Dokumenty/Private/PARANOID/build/PARANOID" prefix_auto="0" extension_auto="0"/>
				<Option working_dir="/home/mkajdak/Dokumenty/Private/PARANOID/build"/>
				<Option object_output="./"/>
				<Option type="1"/>
				<Option compiler="gcc"/>
				<Compiler>
					<Add directory="/home/mkajdak/Dokumenty/Private/PARANOID/src/include"/>
					<Add directory="/usr/local/include"/>
				</Compiler>
				<MakeCommands>
					<Build command="/usr/bin/make -f &quot;/home/mkajdak/Dokumenty/Private/PARANOID/src/Makefile&quot;  VERBOSE=1 PARANOID"/>
					<CompileFile command="/usr/bin/make -f &quot;/home/mkajdak/Dokumenty/Private/PARANOID/src/Makefile&quot;  VERBOSE=1 &quot;$file&quot;"/>
					<Clean command="/usr/bin/make -f &quot;/home/mkajdak/Dokumenty/Private/PARANOID/src/Makefile&quot;  VERBOSE=1 clean"/>
					<DistClean command="/usr/bin/make -f &quot;/home/mkajdak/Dokumenty/Private/PARANOID/src/Makefile&quot;  VERBOSE=1 clean"/>
				</MakeCommands>
			</Target>
			<Target title="PARANOID/fast">
				<Option output="/home/mkajdak/Dokumenty/Private/PARANOID/build/PARANOID" prefix_auto="0" extension_auto="0"/>
				<Option working_dir="/home/mkajdak/Dokumenty/Private/PARANOID/build"/>
				<Option object_output="./"/>
				<Option type="1"/>
				<Option compiler="gcc"/>
				<Compiler>
					<Add directory="/home/mkajdak/Dokumenty/Private/PARANOID/src/include"/>
					<Add directory="/usr/local/include"/>
				</Compiler>
				<MakeCommands>
					<Build command="/usr/bin/make -f &quot;/home/mkajdak/Dokumenty/Private/PARANOID/src/Makefile&quot;  VERBOSE=1 PARANOID/fast"/>
					<CompileFile command="/usr/bin/make -f &quot;/home/mkajdak/Dokumenty/Private/PARANOID/src/Makefile&quot;  VERBOSE=1 &quot;$file&quot;"/>
					<Clean command="/usr/bin/make -f &quot;/home/mkajdak/Dokumenty/Private/PARANOID/src/Makefile&quot;  VERBOSE=1 clean"/>
					<DistClean command="/usr/bin/make -f &quot;/home/mkajdak/Dokumenty/Private/PARANOID/src/Makefile&quot;  VERBOSE=1 clean"/>
				</MakeCommands>
			</Target>
			<Target title="MyLib">
				<Option output="/home/mkajdak/Dokumenty/Private/PARANOID/build/libMyLib.a" prefix_auto="0" extension_auto="0"/>
				<Option working_dir="/home/mkajdak/Dokumenty/Private/PARANOID/src"/>
				<Option object_output="./"/>
				<Option type="2"/>
				<Option compiler="gcc"/>
				<Compiler>
					<Add directory="/home/mkajdak/Dokumenty/Private/PARANOID/src/include"/>
					<Add directory="/usr/local/include"/>
				</Compiler>
				<MakeCommands>
					<Build command="/usr/bin/make -f &quot;/home/mkajdak/Dokumenty/Private/PARANOID/src/Makefile&quot;  VERBOSE=1 MyLib"/>
					<CompileFile command="/usr/bin/make -f &quot;/home/mkajdak/Dokumenty/Private/PARANOID/src/Makefile&quot;  VERBOSE=1 &quot;$file&quot;"/>
					<Clean command="/usr/bin/make -f &quot;/home/mkajdak/Dokumenty/Private/PARANOID/src/Makefile&quot;  VERBOSE=1 clean"/>
					<DistClean command="/usr/bin/make -f &quot;/home/mkajdak/Dokumenty/Private/PARANOID/src/Makefile&quot;  VERBOSE=1 clean"/>
				</MakeCommands>
			</Target>
			<Target title="MyLib/fast">
				<Option output="/home/mkajdak/Dokumenty/Private/PARANOID/build/libMyLib.a" prefix_auto="0" extension_auto="0"/>
				<Option working_dir="/home/mkajdak/Dokumenty/Private/PARANOID/src"/>
				<Option object_output="./"/>
				<Option type="2"/>
				<Option compiler="gcc"/>
				<Compiler>
					<Add directory="/home/mkajdak/Dokumenty/Private/PARANOID/src/include"/>
					<Add directory="/usr/local/include"/>
				</Compiler>
				<MakeCommands>
					<Build command="/usr/bin/make -f &quot;/home/mkajdak/Dokumenty/Private/PARANOID/src/Makefile&quot;  VERBOSE=1 MyLib/fast"/>
					<CompileFile command="/usr/bin/make -f &quot;/home/mkajdak/Dokumenty/Private/PARANOID/src/Makefile&quot;  VERBOSE=1 &quot;$file&quot;"/>
					<Clean command="/usr/bin/make -f &quot;/home/mkajdak/Dokumenty/Private/PARANOID/src/Makefile&quot;  VERBOSE=1 clean"/>
					<DistClean command="/usr/bin/make -f &quot;/home/mkajdak/Dokumenty/Private/PARANOID/src/Makefile&quot;  VERBOSE=1 clean"/>
				</MakeCommands>
			</Target>
			<Target title="tests">
				<Option output="/home/mkajdak/Dokumenty/Private/PARANOID/build/tests" prefix_auto="0" extension_auto="0"/>
				<Option working_dir="/home/mkajdak/Dokumenty/Private/PARANOID/build"/>
				<Option object_output="./"/>
				<Option type="1"/>
				<Option compiler="gcc"/>
				<Compiler>
					<Add directory="/googletest/include"/>
					<Add directory="/googlemock/include"/>
					<Add directory="/usr/local/include"/>
				</Compiler>
				<MakeCommands>
					<Build command="/usr/bin/make -f &quot;/home/mkajdak/Dokumenty/Private/PARANOID/tests/Makefile&quot;  VERBOSE=1 tests"/>
					<CompileFile command="/usr/bin/make -f &quot;/home/mkajdak/Dokumenty/Private/PARANOID/tests/Makefile&quot;  VERBOSE=1 &quot;$file&quot;"/>
					<Clean command="/usr/bin/make -f &quot;/home/mkajdak/Dokumenty/Private/PARANOID/tests/Makefile&quot;  VERBOSE=1 clean"/>
					<DistClean command="/usr/bin/make -f &quot;/home/mkajdak/Dokumenty/Private/PARANOID/tests/Makefile&quot;  VERBOSE=1 clean"/>
				</MakeCommands>
			</Target>
			<Target title="tests/fast">
				<Option output="/home/mkajdak/Dokumenty/Private/PARANOID/build/tests" prefix_auto="0" extension_auto="0"/>
				<Option working_dir="/home/mkajdak/Dokumenty/Private/PARANOID/build"/>
				<Option object_output="./"/>
				<Option type="1"/>
				<Option compiler="gcc"/>
				<Compiler>
					<Add directory="/googletest/include"/>
					<Add directory="/googlemock/include"/>
					<Add directory="/usr/local/include"/>
				</Compiler>
				<MakeCommands>
					<Build command="/usr/bin/make -f &quot;/home/mkajdak/Dokumenty/Private/PARANOID/tests/Makefile&quot;  VERBOSE=1 tests/fast"/>
					<CompileFile command="/usr/bin/make -f &quot;/home/mkajdak/Dokumenty/Private/PARANOID/tests/Makefile&quot;  VERBOSE=1 &quot;$file&quot;"/>
					<Clean command="/usr/bin/make -f &quot;/home/mkajdak/Dokumenty/Private/PARANOID/tests/Makefile&quot;  VERBOSE=1 clean"/>
					<DistClean command="/usr/bin/make -f &quot;/home/mkajdak/Dokumenty/Private/PARANOID/tests/Makefile&quot;  VERBOSE=1 clean"/>
				</MakeCommands>
			</Target>
		</Build>
		<Unit filename="/home/mkajdak/Dokumenty/Private/PARANOID/src/main.cpp">
			<Option target="PARANOID"/>
		</Unit>
		<Unit filename="/home/mkajdak/Dokumenty/Private/PARANOID/src/sources/Buttons/LetterButton.cpp">
			<Option target="MyLib"/>
		</Unit>
		<Unit filename="/home/mkajdak/Dokumenty/Private/PARANOID/src/sources/Buttons/NormalButton.cpp">
			<Option target="MyLib"/>
		</Unit>
		<Unit filename="/home/mkajdak/Dokumenty/Private/PARANOID/src/sources/MainWindow.cpp">
			<Option target="MyLib"/>
		</Unit>
		<Unit filename="/home/mkajdak/Dokumenty/Private/PARANOID/tests/LetterButtonTests.cpp">
			<Option target="tests"/>
		</Unit>
		<Unit filename="/home/mkajdak/Dokumenty/Private/PARANOID/tests/main.cpp">
			<Option target="tests"/>
		</Unit>
		<Unit filename="/home/mkajdak/Dokumenty/Private/PARANOID/CMakeLists.txt">
			<Option virtualFolder="CMake Files\"/>
		</Unit>
		<Unit filename="/home/mkajdak/Dokumenty/Private/PARANOID/src/CMakeLists.txt">
			<Option virtualFolder="CMake Files\src\"/>
		</Unit>
		<Unit filename="/home/mkajdak/Dokumenty/Private/PARANOID/cmake_modules/FindSFML.cmake">
			<Option virtualFolder="CMake Files\cmake_modules\"/>
		</Unit>
		<Unit filename="/home/mkajdak/Dokumenty/Private/PARANOID/tests/CMakeLists.txt">
			<Option virtualFolder="CMake Files\tests\"/>
		</Unit>
	</Project>
</CodeBlocks_project_file>
